# This file is automatically @generated by Cargo.
# It is not intended for manual editing.
version = 4

[[package]]
name = "excercise-1"
version = "0.1.0"

[[package]]
name = "excercise-10"
version = "0.1.0"

[[package]]
name = "excercise-11"
version = "0.1.0"

[[package]]
name = "excercise-2"
version = "0.1.0"

[[package]]
name = "excercise-3"
version = "0.1.0"

[[package]]
name = "excercise-4"
version = "0.1.0"

[[package]]
name = "excercise-5"
version = "0.1.0"

[[package]]
name = "excercise-6"
version = "0.1.0"

[[package]]
name = "excercise-7"
version = "0.1.0"

[[package]]
name = "excercise-8"
version = "0.1.0"

[[package]]
name = "excercise-9"
version = "0.1.0"

[[package]]
name = "exercise-12"
version = "0.1.0"

[[package]]
name = "exercise-13"
version = "0.1.0"

[[package]]
name = "exercise-14"
version = "0.1.0"

[[package]]
name = "exercise-15"
version = "0.1.0"
